
Microsoft Visual Studio Solution File, Format Version 12.00
# Visual Studio 15
VisualStudioVersion = 15.0.27428.2015
MinimumVisualStudioVersion = 10.0.40219.1
Project("{888888A0-9F3D-457C-B088-3A5042F75D52}") = "MCDM", "MCDM\MCDM.pyproj", "{276014BF-5409-4B7B-9E27-5ED70A77CB89}"
EndProject
Global
	GlobalSection(SolutionConfigurationPlatforms) = preSolution
		Debug|Any CPU = Debug|Any CPU
		Release|Any CPU = Release|Any CPU
	EndGlobalSection
	GlobalSection(ProjectConfigurationPlatforms) = postSolution
		{276014BF-5409-4B7B-9E27-5ED70A77CB89}.Debug|Any CPU.ActiveCfg = Debug|Any CPU
		{276014BF-5409-4B7B-9E27-5ED70A77CB89}.Release|Any CPU.ActiveCfg = Release|Any CPU
	EndGlobalSection
	GlobalSection(SolutionProperties) = preSolution
		HideSolutionNode = FALSE
	EndGlobalSection
	GlobalSection(ExtensibilityGlobals) = postSolution
		SolutionGuid = {75C237EE-659B-40EB-806D-AA4A99E357EC}
	EndGlobalSection
EndGlobal
